
Microsoft Visual Studio Solution File, Format Version 12.00
# Visual Studio Version 16
VisualStudioVersion = 16.0.30907.101
MinimumVisualStudioVersion = 10.0.40219.1
Project("{FAE04EC0-301F-11D3-BF4B-00C04F79EFBC}") = "Rehabilitation Center", "Rehabilitation Center\Rehabilitation Center.csproj", "{FB7ECBC0-AA03-46C8-A330-402E0363220D}"
EndProject
Global
	GlobalSection(SolutionConfigurationPlatforms) = preSolution
		Debug|Any CPU = Debug|Any CPU
		Release|Any CPU = Release|Any CPU
	EndGlobalSection
	GlobalSection(ProjectConfigurationPlatforms) = postSolution
		{FB7ECBC0-AA03-46C8-A330-402E0363220D}.Debug|Any CPU.ActiveCfg = Debug|Any CPU
		{FB7ECBC0-AA03-46C8-A330-402E0363220D}.Debug|Any CPU.Build.0 = Debug|Any CPU
		{FB7ECBC0-AA03-46C8-A330-402E0363220D}.Release|Any CPU.ActiveCfg = Release|Any CPU
		{FB7ECBC0-AA03-46C8-A330-402E0363220D}.Release|Any CPU.Build.0 = Release|Any CPU
	EndGlobalSection
	GlobalSection(SolutionProperties) = preSolution
		HideSolutionNode = FALSE
	EndGlobalSection
	GlobalSection(ExtensibilityGlobals) = postSolution
		SolutionGuid = {1317EE27-A9E7-4178-A4D6-FFA5717F1439}
	EndGlobalSection
EndGlobal
